// !$*UTF8*$!
{
	archiveVersion = 1;
	classes = {
	};
	objectVersion = 46;
	objects = {

/* Begin PBXBuildFile section */
		1B379C3D1AA74D4600EB55B5 /* AppDelegate.swift in Sources */ = {isa = PBXBuildFile; fileRef = 1B379C3C1AA74D4600EB55B5 /* AppDelegate.swift */; };
		1B379C3F1AA74D4600EB55B5 /* ViewController.swift in Sources */ = {isa = PBXBuildFile; fileRef = 1B379C3E1AA74D4600EB55B5 /* ViewController.swift */; };
		1B379C421AA74D4600EB55B5 /* Main.storyboard in Resources */ = {isa = PBXBuildFile; fileRef = 1B379C401AA74D4600EB55B5 /* Main.storyboard */; };
		1B379C441AA74D4600EB55B5 /* Images.xcassets in Resources */ = {isa = PBXBuildFile; fileRef = 1B379C431AA74D4600EB55B5 /* Images.xcassets */; };
		1B379C471AA74D4600EB55B5 /* LaunchScreen.xib in Resources */ = {isa = PBXBuildFile; fileRef = 1B379C451AA74D4600EB55B5 /* LaunchScreen.xib */; };
		1B379C531AA74D4600EB55B5 /* Simple_TableTests.swift in Sources */ = {isa = PBXBuildFile; fileRef = 1B379C521AA74D4600EB55B5 /* Simple_TableTests.swift */; };
/* End PBXBuildFile section */

/* Begin PBXContainerItemProxy section */
		1B379C4D1AA74D4600EB55B5 /* PBXContainerItemProxy */ = {
			isa = PBXContainerItemProxy;
			containerPortal = 1B379C2F1AA74D4600EB55B5 /* Project object */;
			proxyType = 1;
			remoteGlobalIDString = 1B379C361AA74D4600EB55B5;
			remoteInfo = "Simple Table";
		};
/* End PBXContainerItemProxy section */

/* Begin PBXFileReference section */
		1B379C371AA74D4600EB55B5 /* Simple Table.app */ = {isa = PBXFileReference; explicitFileType = wrapper.application; includeInIndex = 0; path = "Simple Table.app"; sourceTree = BUILT_PRODUCTS_DIR; };
		1B379C3B1AA74D4600EB55B5 /* Info.plist */ = {isa = PBXFileReference; lastKnownFileType = text.plist.xml; path = Info.plist; sourceTree = "<group>"; };
		1B379C3C1AA74D4600EB55B5 /* AppDelegate.swift */ = {isa = PBXFileReference; lastKnownFileType = sourcecode.swift; path = AppDelegate.swift; sourceTree = "<group>"; };
		1B379C3E1AA74D4600EB55B5 /* ViewController.swift */ = {isa = PBXFileReference; lastKnownFileType = sourcecode.swift; path = ViewController.swift; sourceTree = "<group>"; };
		1B379C411AA74D4600EB55B5 /* Base */ = {isa = PBXFileReference; lastKnownFileType = file.storyboard; name = Base; path = Base.lproj/Main.storyboard; sourceTree = "<group>"; };
		1B379C431AA74D4600EB55B5 /* Images.xcassets */ = {isa = PBXFileReference; lastKnownFileType = folder.assetcatalog; path = Images.xcassets; sourceTree = "<group>"; };
		1B379C461AA74D4600EB55B5 /* Base */ = {isa = PBXFileReference; lastKnownFileType = file.xib; name = Base; path = Base.lproj/LaunchScreen.xib; sourceTree = "<group>"; };
		1B379C4C1AA74D4600EB55B5 /* Simple TableTests.xctest */ = {isa = PBXFileReference; explicitFileType = wrapper.cfbundle; includeInIndex = 0; path = "Simple TableTests.xctest"; sourceTree = BUILT_PRODUCTS_DIR; };
		1B379C511AA74D4600EB55B5 /* Info.plist */ = {isa = PBXFileReference; lastKnownFileType = text.plist.xml; path = Info.plist; sourceTree = "<group>"; };
		1B379C521AA74D4600EB55B5 /* Simple_TableTests.swift */ = {isa = PBXFileReference; lastKnownFileType = sourcecode.swift; path = Simple_TableTests.swift; sourceTree = "<group>"; };
/* End PBXFileReference section */

/* Begin PBXFrameworksBuildPhase section */
		1B379C341AA74D4600EB55B5 /* Frameworks */ = {
			isa = PBXFrameworksBuildPhase;
			buildActionMask = 2147483647;
			files = (
			);
			runOnlyForDeploymentPostprocessing = 0;
		};
		1B379C491AA74D4600EB55B5 /* Frameworks */ = {
			isa = PBXFrameworksBuildPhase;
			buildActionMask = 2147483647;
			files = (
			);
			runOnlyForDeploymentPostprocessing = 0;
		};
/* End PBXFrameworksBuildPhase section */

/* Begin PBXGroup section */
		1B379C2E1AA74D4600EB55B5 = {
			isa = PBXGroup;
			children = (
				1B379C391AA74D4600EB55B5 /* Simple Table */,
				1B379C4F1AA74D4600EB55B5 /* Simple TableTests */,
				1B379C381AA74D4600EB55B5 /* Products */,
			);
			sourceTree = "<group>";
		};
		1B379C381AA74D4600EB55B5 /* Products */ = {
			isa = PBXGroup;
			children = (
				1B379C371AA74D4600EB55B5 /* Simple Table.app */,
				1B379C4C1AA74D4600EB55B5 /* Simple TableTests.xctest */,
			);
			name = Products;
			sourceTree = "<group>";
		};
		1B379C391AA74D4600EB55B5 /* Simple Table */ = {
			isa = PBXGroup;
			children = (
				1B379C3C1AA74D4600EB55B5 /* AppDelegate.swift */,
				1B379C3E1AA74D4600EB55B5 /* ViewController.swift */,
				1B379C401AA74D4600EB55B5 /* Main.storyboard */,
				1B379C431AA74D4600EB55B5 /* Images.xcassets */,
				1B379C451AA74D4600EB55B5 /* LaunchScreen.xib */,
				1B379C3A1AA74D4600EB55B5 /* Supporting Files */,
			);
			path = "Simple Table";
			sourceTree = "<group>";
		};
		1B379C3A1AA74D4600EB55B5 /* Supporting Files */ = {
			isa = PBXGroup;
			children = (
				1B379C3B1AA74D4600EB55B5 /* Info.plist */,
			);
			name = "Supporting Files";
			sourceTree = "<group>";
		};
		1B379C4F1AA74D4600EB55B5 /* Simple TableTests */ = {
			isa = PBXGroup;
			children = (
				1B379C521AA74D4600EB55B5 /* Simple_TableTests.swift */,
				1B379C501AA74D4600EB55B5 /* Supporting Files */,
			);
			path = "Simple TableTests";
			sourceTree = "<group>";
		};
		1B379C501AA74D4600EB55B5 /* Supporting Files */ = {
			isa = PBXGroup;
			children = (
				1B379C511AA74D4600EB55B5 /* Info.plist */,
			);
			name = "Supporting Files";
			sourceTree = "<group>";
		};
/* End PBXGroup section */

/* Begin PBXNativeTarget section */
		1B379C361AA74D4600EB55B5 /* Simple Table */ = {
			isa = PBXNativeTarget;
			buildConfigurationList = 1B379C561AA74D4600EB55B5 /* Build configuration list for PBXNativeTarget "Simple Table" */;
			buildPhases = (
				1B379C331AA74D4600EB55B5 /* Sources */,
				1B379C341AA74D4600EB55B5 /* Frameworks */,
				1B379C351AA74D4600EB55B5 /* Resources */,
			);
			buildRules = (
			);
			dependencies = (
			);
			name = "Simple Table";
			productName = "Simple Table";
			productReference = 1B379C371AA74D4600EB55B5 /* Simple Table.app */;
			productType = "com.apple.product-type.application";
		};
		1B379C4B1AA74D4600EB55B5 /* Simple TableTests */ = {
			isa = PBXNativeTarget;
			buildConfigurationList = 1B379C591AA74D4600EB55B5 /* Build configuration list for PBXNativeTarget "Simple TableTests" */;
			buildPhases = (
				1B379C481AA74D4600EB55B5 /* Sources */,
				1B379C491AA74D4600EB55B5 /* Frameworks */,
				1B379C4A1AA74D4600EB55B5 /* Resources */,
			);
			buildRules = (
			);
			dependencies = (
				1B379C4E1AA74D4600EB55B5 /* PBXTargetDependency */,
			);
			name = "Simple TableTests";
			productName = "Simple TableTests";
			productReference = 1B379C4C1AA74D4600EB55B5 /* Simple TableTests.xctest */;
			productType = "com.apple.product-type.bundle.unit-test";
		};
/* End PBXNativeTarget section */

/* Begin PBXProject section */
		1B379C2F1AA74D4600EB55B5 /* Project object */ = {
			isa = PBXProject;
			attributes = {
				LastUpgradeCheck = 0610;
				ORGANIZATIONNAME = "Marwa Algethami";
				TargetAttributes = {
					1B379C361AA74D4600EB55B5 = {
						CreatedOnToolsVersion = 6.1;
					};
					1B379C4B1AA74D4600EB55B5 = {
						CreatedOnToolsVersion = 6.1;
						TestTargetID = 1B379C361AA74D4600EB55B5;
					};
				};
			};
			buildConfigurationList = 1B379C321AA74D4600EB55B5 /* Build configuration list for PBXProject "Simple Table" */;
			compatibilityVersion = "Xcode 3.2";
			developmentRegion = English;
			hasScannedForEncodings = 0;
			knownRegions = (
				en,
				Base,
			);
			mainGroup = 1B379C2E1AA74D4600EB55B5;
			productRefGroup = 1B379C381AA74D4600EB55B5 /* Products */;
			projectDirPath = "";
			projectRoot = "";
			targets = (
				1B379C361AA74D4600EB55B5 /* Simple Table */,
				1B379C4B1AA74D4600EB55B5 /* Simple TableTests */,
			);
		};
/* End PBXProject section */

/* Begin PBXResourcesBuildPhase section */
		1B379C351AA74D4600EB55B5 /* Resources */ = {
			isa = PBXResourcesBuildPhase;
			buildActionMask = 2147483647;
			files = (
				1B379C421AA74D4600EB55B5 /* Main.storyboard in Resources */,
				1B379C471AA74D4600EB55B5 /* LaunchScreen.xib in Resources */,
				1B379C441AA74D4600EB55B5 /* Images.xcassets in Resources */,
			);
			runOnlyForDeploymentPostprocessing = 0;
		};
		1B379C4A1AA74D4600EB55B5 /* Resources */ = {
			isa = PBXResourcesBuildPhase;
			buildActionMask = 2147483647;
			files = (
			);
			runOnlyForDeploymentPostprocessing = 0;
		};
/* End PBXResourcesBuildPhase section */

/* Begin PBXSourcesBuildPhase section */
		1B379C331AA74D4600EB55B5 /* Sources */ = {
			isa = PBXSourcesBuildPhase;
			buildActionMask = 2147483647;
			files = (
				1B379C3F1AA74D4600EB55B5 /* ViewController.swift in Sources */,
				1B379C3D1AA74D4600EB55B5 /* AppDelegate.swift in Sources */,
			);
			runOnlyForDeploymentPostprocessing = 0;
		};
		1B379C481AA74D4600EB55B5 /* Sources */ = {
			isa = PBXSourcesBuildPhase;
			buildActionMask = 2147483647;
			files = (
				1B379C531AA74D4600EB55B5 /* Simple_TableTests.swift in Sources */,
			);
			runOnlyForDeploymentPostprocessing = 0;
		};
/* End PBXSourcesBuildPhase section */

/* Begin PBXTargetDependency section */
		1B379C4E1AA74D4600EB55B5 /* PBXTargetDependency */ = {
			isa = PBXTargetDependency;
			target = 1B379C361AA74D4600EB55B5 /* Simple Table */;
			targetProxy = 1B379C4D1AA74D4600EB55B5 /* PBXContainerItemProxy */;
		};
/* End PBXTargetDependency section */

/* Begin PBXVariantGroup section */
		1B379C401AA74D4600EB55B5 /* Main.storyboard */ = {
			isa = PBXVariantGroup;
			children = (
				1B379C411AA74D4600EB55B5 /* Base */,
			);
			name = Main.storyboard;
			sourceTree = "<group>";
		};
		1B379C451AA74D4600EB55B5 /* LaunchScreen.xib */ = {
			isa = PBXVariantGroup;
			children = (
				1B379C461AA74D4600EB55B5 /* Base */,
			);
			name = LaunchScreen.xib;
			sourceTree = "<group>";
		};
/* End PBXVariantGroup section */

/* Begin XCBuildConfiguration section */
		1B379C541AA74D4600EB55B5 /* Debug */ = {
			isa = XCBuildConfiguration;
			buildSettings = {
				ALWAYS_SEARCH_USER_PATHS = NO;
				CLANG_CXX_LANGUAGE_STANDARD = "gnu++0x";
				CLANG_CXX_LIBRARY = "libc++";
				CLANG_ENABLE_MODULES = YES;
				CLANG_ENABLE_OBJC_ARC = YES;
				CLANG_WARN_BOOL_CONVERSION = YES;
				CLANG_WARN_CONSTANT_CONVERSION = YES;
				CLANG_WARN_DIRECT_OBJC_ISA_USAGE = YES_ERROR;
				CLANG_WARN_EMPTY_BODY = YES;
				CLANG_WARN_ENUM_CONVERSION = YES;
				CLANG_WARN_INT_CONVERSION = YES;
				CLANG_WARN_OBJC_ROOT_CLASS = YES_ERROR;
				CLANG_WARN_UNREACHABLE_CODE = YES;
				CLANG_WARN__DUPLICATE_METHOD_MATCH = YES;
				"CODE_SIGN_IDENTITY[sdk=iphoneos*]" = "iPhone Developer";
				COPY_PHASE_STRIP = NO;
				ENABLE_STRICT_OBJC_MSGSEND = YES;
				GCC_C_LANGUAGE_STANDARD = gnu99;
				GCC_DYNAMIC_NO_PIC = NO;
				GCC_OPTIMIZATION_LEVEL = 0;
				GCC_PREPROCESSOR_DEFINITIONS = (
					"DEBUG=1",
					"$(inherited)",
				);
				GCC_SYMBOLS_PRIVATE_EXTERN = NO;
				GCC_WARN_64_TO_32_BIT_CONVERSION = YES;
				GCC_WARN_ABOUT_RETURN_TYPE = YES_ERROR;
				GCC_WARN_UNDECLARED_SELECTOR = YES;
				GCC_WARN_UNINITIALIZED_AUTOS = YES_AGGRESSIVE;
				GCC_WARN_UNUSED_FUNCTION = YES;
				GCC_WARN_UNUSED_VARIABLE = YES;
				IPHONEOS_DEPLOYMENT_TARGET = 8.1;
				MTL_ENABLE_DEBUG_INFO = YES;
				ONLY_ACTIVE_ARCH = YES;
				SDKROOT = iphoneos;
				SWIFT_OPTIMIZATION_LEVEL = "-Onone";
				TARGETED_DEVICE_FAMILY = "1,2";
			};
			name = Debug;
		};
		1B379C551AA74D4600EB55B5 /* Release */ = {
			isa = XCBuildConfiguration;
			buildSettings = {
				ALWAYS_SEARCH_USER_PATHS = NO;
				CLANG_CXX_LANGUAGE_STANDARD = "gnu++0x";
				CLANG_CXX_LIBRARY = "libc++";
				CLANG_ENABLE_MODULES = YES;
				CLANG_ENABLE_OBJC_ARC = YES;
				CLANG_WARN_BOOL_CONVERSION = YES;
				CLANG_WARN_CONSTANT_CONVERSION = YES;
				CLANG_WARN_DIRECT_OBJC_ISA_USAGE = YES_ERROR;
				CLANG_WARN_EMPTY_BODY = YES;
				CLANG_WARN_ENUM_CONVERSION = YES;
				CLANG_WARN_INT_CONVERSION = YES;
				CLANG_WARN_OBJC_ROOT_CLASS = YES_ERROR;
				CLANG_WARN_UNREACHABLE_CODE = YES;
				CLANG_WARN__DUPLICATE_METHOD_MATCH = YES;
				"CODE_SIGN_IDENTITY[sdk=iphoneos*]" = "iPhone Developer";
				COPY_PHASE_STRIP = YES;
				ENABLE_NS_ASSERTIONS = NO;
				ENABLE_STRICT_OBJC_MSGSEND = YES;
				GCC_C_LANGUAGE_STANDARD = gnu99;
				GCC_WARN_64_TO_32_BIT_CONVERSION = YES;
				GCC_WARN_ABOUT_RETURN_TYPE = YES_ERROR;
				GCC_WARN_UNDECLARED_SELECTOR = YES;
				GCC_WARN_UNINITIALIZED_AUTOS = YES_AGGRESSIVE;
				GCC_WARN_UNUSED_FUNCTION = YES;
				GCC_WARN_UNUSED_VARIABLE = YES;
				IPHONEOS_DEPLOYMENT_TARGET = 8.1;
				MTL_ENABLE_DEBUG_INFO = NO;
				SDKROOT = iphoneos;
				TARGETED_DEVICE_FAMILY = "1,2";
				VALIDATE_PRODUCT = YES;
			};
			name = Release;
		};
		1B379C571AA74D4600EB55B5 /* Debug */ = {
			isa = XCBuildConfiguration;
			buildSettings = {
				ASSETCATALOG_COMPILER_APPICON_NAME = AppIcon;
				INFOPLIST_FILE = "Simple Table/Info.plist";
				LD_RUNPATH_SEARCH_PATHS = "$(inherited) @executable_path/Frameworks";
				PRODUCT_NAME = "$(TARGET_NAME)";
			};
			name = Debug;
		};
		1B379C581AA74D4600EB55B5 /* Release */ = {
			isa = XCBuildConfiguration;
			buildSettings = {
				ASSETCATALOG_COMPILER_APPICON_NAME = AppIcon;
				INFOPLIST_FILE = "Simple Table/Info.plist";
				LD_RUNPATH_SEARCH_PATHS = "$(inherited) @executable_path/Frameworks";
				PRODUCT_NAME = "$(TARGET_NAME)";
			};
			name = Release;
		};
		1B379C5A1AA74D4600EB55B5 /* Debug */ = {
			isa = XCBuildConfiguration;
			buildSettings = {
				BUNDLE_LOADER = "$(TEST_HOST)";
				FRAMEWORK_SEARCH_PATHS = (
					"$(SDKROOT)/Developer/Library/Frameworks",
					"$(inherited)",
				);
				GCC_PREPROCESSOR_DEFINITIONS = (
					"DEBUG=1",
					"$(inherited)",
				);
				INFOPLIST_FILE = "Simple TableTests/Info.plist";
				LD_RUNPATH_SEARCH_PATHS = "$(inherited) @executable_path/Frameworks @loader_path/Frameworks";
				PRODUCT_NAME = "$(TARGET_NAME)";
				TEST_HOST = "$(BUILT_PRODUCTS_DIR)/Simple Table.app/Simple Table";
			};
			name = Debug;
		};
		1B379C5B1AA74D4600EB55B5 /* Release */ = {
			isa = XCBuildConfiguration;
			buildSettings = {
				BUNDLE_LOADER = "$(TEST_HOST)";
				FRAMEWORK_SEARCH_PATHS = (
					"$(SDKROOT)/Developer/Library/Frameworks",
					"$(inherited)",
				);
				INFOPLIST_FILE = "Simple TableTests/Info.plist";
				LD_RUNPATH_SEARCH_PATHS = "$(inherited) @executable_path/Frameworks @loader_path/Frameworks";
				PRODUCT_NAME = "$(TARGET_NAME)";
				TEST_HOST = "$(BUILT_PRODUCTS_DIR)/Simple Table.app/Simple Table";
			};
			name = Release;
		};
/* End XCBuildConfiguration section */

/* Begin XCConfigurationList section */
		1B379C321AA74D4600EB55B5 /* Build configuration list for PBXProject "Simple Table" */ = {
			isa = XCConfigurationList;
			buildConfigurations = (
				1B379C541AA74D4600EB55B5 /* Debug */,
				1B379C551AA74D4600EB55B5 /* Release */,
			);
			defaultConfigurationIsVisible = 0;
			defaultConfigurationName = Release;
		};
		1B379C561AA74D4600EB55B5 /* Build configuration list for PBXNativeTarget "Simple Table" */ = {
			isa = XCConfigurationList;
			buildConfigurations = (
				1B379C571AA74D4600EB55B5 /* Debug */,
				1B379C581AA74D4600EB55B5 /* Release */,
			);
			defaultConfigurationIsVisible = 0;
		};
		1B379C591AA74D4600EB55B5 /* Build configuration list for PBXNativeTarget "Simple TableTests" */ = {
			isa = XCConfigurationList;
			buildConfigurations = (
				1B379C5A1AA74D4600EB55B5 /* Debug */,
				1B379C5B1AA74D4600EB55B5 /* Release */,
			);
			defaultConfigurationIsVisible = 0;
		};
/* End XCConfigurationList section */
	};
	rootObject = 1B379C2F1AA74D4600EB55B5 /* Project object */;
}
